
Microsoft Visual Studio Solution File, Format Version 12.00
# Visual Studio Version 16
VisualStudioVersion = 16.0.28803.352
MinimumVisualStudioVersion = 10.0.40219.1
Project("{8BC9CEB8-8B4A-11D0-8D11-00A0C91BC942}") = "DXRDemo", "DXRDemo\DXRDemo.vcxproj", "{9D42020B-ED24-487F-846A-D33FF00BAB11}"
	ProjectSection(ProjectDependencies) = postProject
		{08FDC61F-E5A2-4FC6-A112-BCE01C293C69} = {08FDC61F-E5A2-4FC6-A112-BCE01C293C69}
		{F243CD51-664B-455B-B9D1-539610AE1537} = {F243CD51-664B-455B-B9D1-539610AE1537}
		{33C1B06B-C001-45A9-9D0D-8EFA885D4A36} = {33C1B06B-C001-45A9-9D0D-8EFA885D4A36}
		{C7D132EB-29E8-4644-8751-3E0246AB8241} = {C7D132EB-29E8-4644-8751-3E0246AB8241}
		{C5D83BEF-8085-4163-9204-CD79DA119E9B} = {C5D83BEF-8085-4163-9204-CD79DA119E9B}
	EndProjectSection
EndProject
Project("{8BC9CEB8-8B4A-11D0-8D11-00A0C91BC942}") = "DX12", "DX12\DX12.vcxproj", "{F243CD51-664B-455B-B9D1-539610AE1537}"
	ProjectSection(ProjectDependencies) = postProject
		{08FDC61F-E5A2-4FC6-A112-BCE01C293C69} = {08FDC61F-E5A2-4FC6-A112-BCE01C293C69}
	EndProjectSection
EndProject
Project("{8BC9CEB8-8B4A-11D0-8D11-00A0C91BC942}") = "WindowManagement", "WindowManagement\WindowManagement.vcxproj", "{C5D83BEF-8085-4163-9204-CD79DA119E9B}"
	ProjectSection(ProjectDependencies) = postProject
		{08FDC61F-E5A2-4FC6-A112-BCE01C293C69} = {08FDC61F-E5A2-4FC6-A112-BCE01C293C69}
	EndProjectSection
EndProject
Project("{8BC9CEB8-8B4A-11D0-8D11-00A0C91BC942}") = "RenderingShared", "RenderingShared\RenderingShared.vcxproj", "{08FDC61F-E5A2-4FC6-A112-BCE01C293C69}"
EndProject
Project("{2150E333-8FDC-42A3-9474-1A3956D46DE8}") = "Shader", "Shader", "{69006506-5625-4F6E-B3D0-E2A9C261C518}"
	ProjectSection(SolutionItems) = preProject
		Shaders\shaders.hlsl = Shaders\shaders.hlsl
	EndProjectSection
EndProject
Project("{8BC9CEB8-8B4A-11D0-8D11-00A0C91BC942}") = "AssetImporter", "AssetImporter\AssetImporter.vcxproj", "{C7D132EB-29E8-4644-8751-3E0246AB8241}"
	ProjectSection(ProjectDependencies) = postProject
		{33C1B06B-C001-45A9-9D0D-8EFA885D4A36} = {33C1B06B-C001-45A9-9D0D-8EFA885D4A36}
	EndProjectSection
EndProject
Project("{8BC9CEB8-8B4A-11D0-8D11-00A0C91BC942}") = "UtilLib", "UtilLib\UtilLib.vcxproj", "{33C1B06B-C001-45A9-9D0D-8EFA885D4A36}"
EndProject
Global
	GlobalSection(SolutionConfigurationPlatforms) = preSolution
		Debug|x64 = Debug|x64
		Debug|x86 = Debug|x86
		Release|x64 = Release|x64
		Release|x86 = Release|x86
	EndGlobalSection
	GlobalSection(ProjectConfigurationPlatforms) = postSolution
		{9D42020B-ED24-487F-846A-D33FF00BAB11}.Debug|x64.ActiveCfg = Debug|x64
		{9D42020B-ED24-487F-846A-D33FF00BAB11}.Debug|x64.Build.0 = Debug|x64
		{9D42020B-ED24-487F-846A-D33FF00BAB11}.Debug|x86.ActiveCfg = Debug|Win32
		{9D42020B-ED24-487F-846A-D33FF00BAB11}.Debug|x86.Build.0 = Debug|Win32
		{9D42020B-ED24-487F-846A-D33FF00BAB11}.Release|x64.ActiveCfg = Debug|x64
		{9D42020B-ED24-487F-846A-D33FF00BAB11}.Release|x64.Build.0 = Debug|x64
		{9D42020B-ED24-487F-846A-D33FF00BAB11}.Release|x86.ActiveCfg = Release|Win32
		{9D42020B-ED24-487F-846A-D33FF00BAB11}.Release|x86.Build.0 = Release|Win32
		{F243CD51-664B-455B-B9D1-539610AE1537}.Debug|x64.ActiveCfg = Debug|x64
		{F243CD51-664B-455B-B9D1-539610AE1537}.Debug|x64.Build.0 = Debug|x64
		{F243CD51-664B-455B-B9D1-539610AE1537}.Debug|x86.ActiveCfg = Debug|Win32
		{F243CD51-664B-455B-B9D1-539610AE1537}.Debug|x86.Build.0 = Debug|Win32
		{F243CD51-664B-455B-B9D1-539610AE1537}.Release|x64.ActiveCfg = Debug|x64
		{F243CD51-664B-455B-B9D1-539610AE1537}.Release|x64.Build.0 = Debug|x64
		{F243CD51-664B-455B-B9D1-539610AE1537}.Release|x86.ActiveCfg = Release|Win32
		{F243CD51-664B-455B-B9D1-539610AE1537}.Release|x86.Build.0 = Release|Win32
		{C5D83BEF-8085-4163-9204-CD79DA119E9B}.Debug|x64.ActiveCfg = Debug|x64
		{C5D83BEF-8085-4163-9204-CD79DA119E9B}.Debug|x64.Build.0 = Debug|x64
		{C5D83BEF-8085-4163-9204-CD79DA119E9B}.Debug|x86.ActiveCfg = Debug|Win32
		{C5D83BEF-8085-4163-9204-CD79DA119E9B}.Debug|x86.Build.0 = Debug|Win32
		{C5D83BEF-8085-4163-9204-CD79DA119E9B}.Release|x64.ActiveCfg = Debug|x64
		{C5D83BEF-8085-4163-9204-CD79DA119E9B}.Release|x64.Build.0 = Debug|x64
		{C5D83BEF-8085-4163-9204-CD79DA119E9B}.Release|x86.ActiveCfg = Release|Win32
		{C5D83BEF-8085-4163-9204-CD79DA119E9B}.Release|x86.Build.0 = Release|Win32
		{08FDC61F-E5A2-4FC6-A112-BCE01C293C69}.Debug|x64.ActiveCfg = Debug|x64
		{08FDC61F-E5A2-4FC6-A112-BCE01C293C69}.Debug|x64.Build.0 = Debug|x64
		{08FDC61F-E5A2-4FC6-A112-BCE01C293C69}.Debug|x86.ActiveCfg = Debug|Win32
		{08FDC61F-E5A2-4FC6-A112-BCE01C293C69}.Debug|x86.Build.0 = Debug|Win32
		{08FDC61F-E5A2-4FC6-A112-BCE01C293C69}.Release|x64.ActiveCfg = Debug|x64
		{08FDC61F-E5A2-4FC6-A112-BCE01C293C69}.Release|x64.Build.0 = Debug|x64
		{08FDC61F-E5A2-4FC6-A112-BCE01C293C69}.Release|x86.ActiveCfg = Release|Win32
		{08FDC61F-E5A2-4FC6-A112-BCE01C293C69}.Release|x86.Build.0 = Release|Win32
		{C7D132EB-29E8-4644-8751-3E0246AB8241}.Debug|x64.ActiveCfg = Debug|x64
		{C7D132EB-29E8-4644-8751-3E0246AB8241}.Debug|x64.Build.0 = Debug|x64
		{C7D132EB-29E8-4644-8751-3E0246AB8241}.Debug|x86.ActiveCfg = Debug|Win32
		{C7D132EB-29E8-4644-8751-3E0246AB8241}.Debug|x86.Build.0 = Debug|Win32
		{C7D132EB-29E8-4644-8751-3E0246AB8241}.Release|x64.ActiveCfg = Debug|x64
		{C7D132EB-29E8-4644-8751-3E0246AB8241}.Release|x64.Build.0 = Debug|x64
		{C7D132EB-29E8-4644-8751-3E0246AB8241}.Release|x86.ActiveCfg = Release|Win32
		{C7D132EB-29E8-4644-8751-3E0246AB8241}.Release|x86.Build.0 = Release|Win32
		{33C1B06B-C001-45A9-9D0D-8EFA885D4A36}.Debug|x64.ActiveCfg = Debug|x64
		{33C1B06B-C001-45A9-9D0D-8EFA885D4A36}.Debug|x64.Build.0 = Debug|x64
		{33C1B06B-C001-45A9-9D0D-8EFA885D4A36}.Debug|x86.ActiveCfg = Debug|Win32
		{33C1B06B-C001-45A9-9D0D-8EFA885D4A36}.Debug|x86.Build.0 = Debug|Win32
		{33C1B06B-C001-45A9-9D0D-8EFA885D4A36}.Release|x64.ActiveCfg = Release|x64
		{33C1B06B-C001-45A9-9D0D-8EFA885D4A36}.Release|x64.Build.0 = Release|x64
		{33C1B06B-C001-45A9-9D0D-8EFA885D4A36}.Release|x86.ActiveCfg = Release|Win32
		{33C1B06B-C001-45A9-9D0D-8EFA885D4A36}.Release|x86.Build.0 = Release|Win32
	EndGlobalSection
	GlobalSection(SolutionProperties) = preSolution
		HideSolutionNode = FALSE
	EndGlobalSection
	GlobalSection(ExtensibilityGlobals) = postSolution
		SolutionGuid = {EC357B0B-1207-427F-8990-E9AFC6884721}
	EndGlobalSection
EndGlobal
